<Solution>
  <Project Path="Heresy.Core/Heresy.Core.csproj" />
  <Project Path="Heresy.Scripting/Heresy.Scripting.csproj" />
  <Project Path="Heresy.Render/Heresy.Render.csproj" />
  <Project Path="Heresy.Render.SDL/Heresy.Render.SDL.csproj" />
  <Project Path="Heresy.Render.File/Heresy.Render.File.csproj" />
  <Project Path="Heresy.Playback/Heresy.Playback.csproj" />
  <Project Path="Heresy.Tests.Core/Heresy.Tests.Core.csproj" />
  <Project Path="Heresy.Tests.Scripting/Heresy.Tests.Scripting.csproj" />
  <Project Path="Heresy.Tests.Render/Heresy.Tests.Render.csproj" />
  <Project Path="Heresy.Tests.Render.File/Heresy.Tests.Render.File.csproj" />
  <Project Path="Heresy.Tests.Playback/Heresy.Tests.Playback.csproj" />
  <Project Path="Heresy.UserInterface/Heresy.UserInterface.csproj" />
  <Project Path="Heresy.Tests.UserInterface/Heresy.Tests.UserInterface.csproj" />
  <Project Path="Heresy/Heresy.csproj" />
</Solution>
