<Solution>
  <Project Path="Heresy.Core/Heresy.Core.csproj" />
  <Project Path="Heresy.Render/Heresy.Render.csproj" />
  <Project Path="Heresy.Tests.Core/Heresy.Tests.Core.csproj" />
  <Project Path="Heresy.Tests.Render/Heresy.Tests.Render.csproj" />
  <Project Path="Heresy/Heresy.csproj" />
</Solution>
